// !$*UTF8*$!
{
	archiveVersion = 1;
	classes = {
	};
	objectVersion = 46;
	objects = {

/* Begin PBXBuildFile section */
		6008C3691E4DB3C700B5C2D8 /* main.swift in Sources */ = {isa = PBXBuildFile; fileRef = 6008C3681E4DB3C700B5C2D8 /* main.swift */; };
		6008C36D1E4DB3D000B5C2D8 /* MapperProtocols.swift in Sources */ = {isa = PBXBuildFile; fileRef = 606076C91DF3065C003B19B7 /* MapperProtocols.swift */; };
		6008C36E1E4DB3D200B5C2D8 /* Mapper.swift in Sources */ = {isa = PBXBuildFile; fileRef = 606076CB1DF306B7003B19B7 /* Mapper.swift */; };
		6008C36F1E4DB3D400B5C2D8 /* Wrapping.swift in Sources */ = {isa = PBXBuildFile; fileRef = 606076D41DF53818003B19B7 /* Wrapping.swift */; };
		6008C3721E4DB43100B5C2D8 /* TestClasses.swift in Sources */ = {isa = PBXBuildFile; fileRef = 606076D11DF4CEE1003B19B7 /* TestClasses.swift */; };
		6008C37C1E4DB56600B5C2D8 /* MapperTests.swift in Sources */ = {isa = PBXBuildFile; fileRef = 6008C37B1E4DB56600B5C2D8 /* MapperTests.swift */; };
		6008C3811E4DB59600B5C2D8 /* MapperProtocols.swift in Sources */ = {isa = PBXBuildFile; fileRef = 606076C91DF3065C003B19B7 /* MapperProtocols.swift */; };
		6008C3821E4DB59800B5C2D8 /* Mapper.swift in Sources */ = {isa = PBXBuildFile; fileRef = 606076CB1DF306B7003B19B7 /* Mapper.swift */; };
		6008C3831E4DB59A00B5C2D8 /* Wrapping.swift in Sources */ = {isa = PBXBuildFile; fileRef = 606076D41DF53818003B19B7 /* Wrapping.swift */; };
		6008C3841E4DB59D00B5C2D8 /* TestClasses.swift in Sources */ = {isa = PBXBuildFile; fileRef = 606076D11DF4CEE1003B19B7 /* TestClasses.swift */; };
/* End PBXBuildFile section */

/* Begin PBXCopyFilesBuildPhase section */
		6008C3641E4DB3C700B5C2D8 /* CopyFiles */ = {
			isa = PBXCopyFilesBuildPhase;
			buildActionMask = 2147483647;
			dstPath = /usr/share/man/man1/;
			dstSubfolderSpec = 0;
			files = (
			);
			runOnlyForDeploymentPostprocessing = 1;
		};
/* End PBXCopyFilesBuildPhase section */

/* Begin PBXFileReference section */
		6008C3661E4DB3C700B5C2D8 /* Mapper */ = {isa = PBXFileReference; explicitFileType = "compiled.mach-o.executable"; includeInIndex = 0; path = Mapper; sourceTree = BUILT_PRODUCTS_DIR; };
		6008C3681E4DB3C700B5C2D8 /* main.swift */ = {isa = PBXFileReference; lastKnownFileType = sourcecode.swift; path = main.swift; sourceTree = "<group>"; };
		6008C3791E4DB56600B5C2D8 /* MapperTests.xctest */ = {isa = PBXFileReference; explicitFileType = wrapper.cfbundle; includeInIndex = 0; path = MapperTests.xctest; sourceTree = BUILT_PRODUCTS_DIR; };
		6008C37B1E4DB56600B5C2D8 /* MapperTests.swift */ = {isa = PBXFileReference; lastKnownFileType = sourcecode.swift; path = MapperTests.swift; sourceTree = "<group>"; };
		6008C37D1E4DB56600B5C2D8 /* Info.plist */ = {isa = PBXFileReference; lastKnownFileType = text.plist.xml; path = Info.plist; sourceTree = "<group>"; };
		606076C91DF3065C003B19B7 /* MapperProtocols.swift */ = {isa = PBXFileReference; fileEncoding = 4; lastKnownFileType = sourcecode.swift; path = MapperProtocols.swift; sourceTree = "<group>"; };
		606076CB1DF306B7003B19B7 /* Mapper.swift */ = {isa = PBXFileReference; fileEncoding = 4; lastKnownFileType = sourcecode.swift; path = Mapper.swift; sourceTree = "<group>"; };
		606076D11DF4CEE1003B19B7 /* TestClasses.swift */ = {isa = PBXFileReference; fileEncoding = 4; lastKnownFileType = sourcecode.swift; path = TestClasses.swift; sourceTree = "<group>"; };
		606076D41DF53818003B19B7 /* Wrapping.swift */ = {isa = PBXFileReference; fileEncoding = 4; lastKnownFileType = sourcecode.swift; path = Wrapping.swift; sourceTree = "<group>"; };
/* End PBXFileReference section */

/* Begin PBXFrameworksBuildPhase section */
		6008C3631E4DB3C700B5C2D8 /* Frameworks */ = {
			isa = PBXFrameworksBuildPhase;
			buildActionMask = 2147483647;
			files = (
			);
			runOnlyForDeploymentPostprocessing = 0;
		};
		6008C3761E4DB56600B5C2D8 /* Frameworks */ = {
			isa = PBXFrameworksBuildPhase;
			buildActionMask = 2147483647;
			files = (
			);
			runOnlyForDeploymentPostprocessing = 0;
		};
/* End PBXFrameworksBuildPhase section */

/* Begin PBXGroup section */
		6008C3671E4DB3C700B5C2D8 /* Mapper */ = {
			isa = PBXGroup;
			children = (
				6008C3681E4DB3C700B5C2D8 /* main.swift */,
			);
			path = Mapper;
			sourceTree = "<group>";
		};
		6008C37A1E4DB56600B5C2D8 /* MapperTests */ = {
			isa = PBXGroup;
			children = (
				6008C37B1E4DB56600B5C2D8 /* MapperTests.swift */,
				6008C37D1E4DB56600B5C2D8 /* Info.plist */,
			);
			path = MapperTests;
			sourceTree = "<group>";
		};
		6060769B1DF2D6DB003B19B7 = {
			isa = PBXGroup;
			children = (
				606076A61DF2D6DC003B19B7 /* JsonMapper */,
				6008C3671E4DB3C700B5C2D8 /* Mapper */,
				6008C37A1E4DB56600B5C2D8 /* MapperTests */,
				606076A51DF2D6DC003B19B7 /* Products */,
			);
			sourceTree = "<group>";
		};
		606076A51DF2D6DC003B19B7 /* Products */ = {
			isa = PBXGroup;
			children = (
				6008C3661E4DB3C700B5C2D8 /* Mapper */,
				6008C3791E4DB56600B5C2D8 /* MapperTests.xctest */,
			);
			name = Products;
			sourceTree = "<group>";
		};
		606076A61DF2D6DC003B19B7 /* JsonMapper */ = {
			isa = PBXGroup;
			children = (
				606076C71DF2D71D003B19B7 /* Mapper */,
				606076D11DF4CEE1003B19B7 /* TestClasses.swift */,
			);
			path = JsonMapper;
			sourceTree = "<group>";
		};
		606076C71DF2D71D003B19B7 /* Mapper */ = {
			isa = PBXGroup;
			children = (
				606076C91DF3065C003B19B7 /* MapperProtocols.swift */,
				606076CB1DF306B7003B19B7 /* Mapper.swift */,
				606076D41DF53818003B19B7 /* Wrapping.swift */,
			);
			path = Mapper;
			sourceTree = "<group>";
		};
/* End PBXGroup section */

/* Begin PBXNativeTarget section */
		6008C3651E4DB3C700B5C2D8 /* Mapper */ = {
			isa = PBXNativeTarget;
			buildConfigurationList = 6008C36C1E4DB3C700B5C2D8 /* Build configuration list for PBXNativeTarget "Mapper" */;
			buildPhases = (
				6008C3621E4DB3C700B5C2D8 /* Sources */,
				6008C3631E4DB3C700B5C2D8 /* Frameworks */,
				6008C3641E4DB3C700B5C2D8 /* CopyFiles */,
			);
			buildRules = (
			);
			dependencies = (
			);
			name = Mapper;
			productName = Mapper;
			productReference = 6008C3661E4DB3C700B5C2D8 /* Mapper */;
			productType = "com.apple.product-type.tool";
		};
		6008C3781E4DB56600B5C2D8 /* MapperTests */ = {
			isa = PBXNativeTarget;
			buildConfigurationList = 6008C37E1E4DB56600B5C2D8 /* Build configuration list for PBXNativeTarget "MapperTests" */;
			buildPhases = (
				6008C3751E4DB56600B5C2D8 /* Sources */,
				6008C3761E4DB56600B5C2D8 /* Frameworks */,
				6008C3771E4DB56600B5C2D8 /* Resources */,
			);
			buildRules = (
			);
			dependencies = (
			);
			name = MapperTests;
			productName = MapperTests;
			productReference = 6008C3791E4DB56600B5C2D8 /* MapperTests.xctest */;
			productType = "com.apple.product-type.bundle.unit-test";
		};
/* End PBXNativeTarget section */

/* Begin PBXProject section */
		6060769C1DF2D6DB003B19B7 /* Project object */ = {
			isa = PBXProject;
			attributes = {
				LastSwiftUpdateCheck = 0820;
				LastUpgradeCheck = 0810;
				ORGANIZATIONNAME = "Gleb Radchenko";
				TargetAttributes = {
					6008C3651E4DB3C700B5C2D8 = {
						CreatedOnToolsVersion = 8.2.1;
						DevelopmentTeam = XN4R59V3UY;
						ProvisioningStyle = Automatic;
					};
					6008C3781E4DB56600B5C2D8 = {
						CreatedOnToolsVersion = 8.2.1;
						DevelopmentTeam = XN4R59V3UY;
						ProvisioningStyle = Automatic;
					};
				};
			};
			buildConfigurationList = 6060769F1DF2D6DC003B19B7 /* Build configuration list for PBXProject "JsonMapper" */;
			compatibilityVersion = "Xcode 3.2";
			developmentRegion = English;
			hasScannedForEncodings = 0;
			knownRegions = (
				en,
				Base,
			);
			mainGroup = 6060769B1DF2D6DB003B19B7;
			productRefGroup = 606076A51DF2D6DC003B19B7 /* Products */;
			projectDirPath = "";
			projectRoot = "";
			targets = (
				6008C3651E4DB3C700B5C2D8 /* Mapper */,
				6008C3781E4DB56600B5C2D8 /* MapperTests */,
			);
		};
/* End PBXProject section */

/* Begin PBXResourcesBuildPhase section */
		6008C3771E4DB56600B5C2D8 /* Resources */ = {
			isa = PBXResourcesBuildPhase;
			buildActionMask = 2147483647;
			files = (
			);
			runOnlyForDeploymentPostprocessing = 0;
		};
/* End PBXResourcesBuildPhase section */

/* Begin PBXSourcesBuildPhase section */
		6008C3621E4DB3C700B5C2D8 /* Sources */ = {
			isa = PBXSourcesBuildPhase;
			buildActionMask = 2147483647;
			files = (
				6008C36D1E4DB3D000B5C2D8 /* MapperProtocols.swift in Sources */,
				6008C36F1E4DB3D400B5C2D8 /* Wrapping.swift in Sources */,
				6008C3721E4DB43100B5C2D8 /* TestClasses.swift in Sources */,
				6008C36E1E4DB3D200B5C2D8 /* Mapper.swift in Sources */,
				6008C3691E4DB3C700B5C2D8 /* main.swift in Sources */,
			);
			runOnlyForDeploymentPostprocessing = 0;
		};
		6008C3751E4DB56600B5C2D8 /* Sources */ = {
			isa = PBXSourcesBuildPhase;
			buildActionMask = 2147483647;
			files = (
				6008C3811E4DB59600B5C2D8 /* MapperProtocols.swift in Sources */,
				6008C3831E4DB59A00B5C2D8 /* Wrapping.swift in Sources */,
				6008C3841E4DB59D00B5C2D8 /* TestClasses.swift in Sources */,
				6008C3821E4DB59800B5C2D8 /* Mapper.swift in Sources */,
				6008C37C1E4DB56600B5C2D8 /* MapperTests.swift in Sources */,
			);
			runOnlyForDeploymentPostprocessing = 0;
		};
/* End PBXSourcesBuildPhase section */

/* Begin XCBuildConfiguration section */
		6008C36A1E4DB3C700B5C2D8 /* Debug */ = {
			isa = XCBuildConfiguration;
			buildSettings = {
				CLANG_WARN_SUSPICIOUS_MOVE = YES;
				CODE_SIGN_IDENTITY = "-";
				DEVELOPMENT_TEAM = XN4R59V3UY;
				MACOSX_DEPLOYMENT_TARGET = 10.12;
				PRODUCT_NAME = "$(TARGET_NAME)";
				SDKROOT = macosx;
				SWIFT_VERSION = 3.0;
			};
			name = Debug;
		};
		6008C36B1E4DB3C700B5C2D8 /* Release */ = {
			isa = XCBuildConfiguration;
			buildSettings = {
				CLANG_WARN_SUSPICIOUS_MOVE = YES;
				CODE_SIGN_IDENTITY = "-";
				DEVELOPMENT_TEAM = XN4R59V3UY;
				MACOSX_DEPLOYMENT_TARGET = 10.12;
				PRODUCT_NAME = "$(TARGET_NAME)";
				SDKROOT = macosx;
				SWIFT_VERSION = 3.0;
			};
			name = Release;
		};
		6008C37F1E4DB56600B5C2D8 /* Debug */ = {
			isa = XCBuildConfiguration;
			buildSettings = {
				CLANG_WARN_SUSPICIOUS_MOVE = YES;
				CODE_SIGN_IDENTITY = "-";
				COMBINE_HIDPI_IMAGES = YES;
				DEVELOPMENT_TEAM = XN4R59V3UY;
				INFOPLIST_FILE = MapperTests/Info.plist;
				LD_RUNPATH_SEARCH_PATHS = "$(inherited) @executable_path/../Frameworks @loader_path/../Frameworks";
				MACOSX_DEPLOYMENT_TARGET = 10.12;
				PRODUCT_BUNDLE_IDENTIFIER = com.Applikator.MapperTests;
				PRODUCT_NAME = "$(TARGET_NAME)";
				SDKROOT = macosx;
				SWIFT_VERSION = 3.0;
			};
			name = Debug;
		};
		6008C3801E4DB56600B5C2D8 /* Release */ = {
			isa = XCBuildConfiguration;
			buildSettings = {
				CLANG_WARN_SUSPICIOUS_MOVE = YES;
				CODE_SIGN_IDENTITY = "-";
				COMBINE_HIDPI_IMAGES = YES;
				DEVELOPMENT_TEAM = XN4R59V3UY;
				INFOPLIST_FILE = MapperTests/Info.plist;
				LD_RUNPATH_SEARCH_PATHS = "$(inherited) @executable_path/../Frameworks @loader_path/../Frameworks";
				MACOSX_DEPLOYMENT_TARGET = 10.12;
				PRODUCT_BUNDLE_IDENTIFIER = com.Applikator.MapperTests;
				PRODUCT_NAME = "$(TARGET_NAME)";
				SDKROOT = macosx;
				SWIFT_VERSION = 3.0;
			};
			name = Release;
		};
		606076BF1DF2D6DD003B19B7 /* Debug */ = {
			isa = XCBuildConfiguration;
			buildSettings = {
				ALWAYS_SEARCH_USER_PATHS = NO;
				CLANG_ANALYZER_NONNULL = YES;
				CLANG_CXX_LANGUAGE_STANDARD = "gnu++0x";
				CLANG_CXX_LIBRARY = "libc++";
				CLANG_ENABLE_MODULES = YES;
				CLANG_ENABLE_OBJC_ARC = YES;
				CLANG_WARN_BOOL_CONVERSION = YES;
				CLANG_WARN_CONSTANT_CONVERSION = YES;
				CLANG_WARN_DIRECT_OBJC_ISA_USAGE = YES_ERROR;
				CLANG_WARN_DOCUMENTATION_COMMENTS = YES;
				CLANG_WARN_EMPTY_BODY = YES;
				CLANG_WARN_ENUM_CONVERSION = YES;
				CLANG_WARN_INFINITE_RECURSION = YES;
				CLANG_WARN_INT_CONVERSION = YES;
				CLANG_WARN_OBJC_ROOT_CLASS = YES_ERROR;
				CLANG_WARN_SUSPICIOUS_MOVES = YES;
				CLANG_WARN_UNREACHABLE_CODE = YES;
				CLANG_WARN__DUPLICATE_METHOD_MATCH = YES;
				"CODE_SIGN_IDENTITY[sdk=iphoneos*]" = "iPhone Developer";
				COPY_PHASE_STRIP = NO;
				DEBUG_INFORMATION_FORMAT = dwarf;
				ENABLE_STRICT_OBJC_MSGSEND = YES;
				ENABLE_TESTABILITY = YES;
				GCC_C_LANGUAGE_STANDARD = gnu99;
				GCC_DYNAMIC_NO_PIC = NO;
				GCC_NO_COMMON_BLOCKS = YES;
				GCC_OPTIMIZATION_LEVEL = 0;
				GCC_PREPROCESSOR_DEFINITIONS = (
					"DEBUG=1",
					"$(inherited)",
				);
				GCC_WARN_64_TO_32_BIT_CONVERSION = YES;
				GCC_WARN_ABOUT_RETURN_TYPE = YES_ERROR;
				GCC_WARN_UNDECLARED_SELECTOR = YES;
				GCC_WARN_UNINITIALIZED_AUTOS = YES_AGGRESSIVE;
				GCC_WARN_UNUSED_FUNCTION = YES;
				GCC_WARN_UNUSED_VARIABLE = YES;
				IPHONEOS_DEPLOYMENT_TARGET = 10.1;
				MTL_ENABLE_DEBUG_INFO = YES;
				ONLY_ACTIVE_ARCH = YES;
				SDKROOT = iphoneos;
				SWIFT_ACTIVE_COMPILATION_CONDITIONS = DEBUG;
				SWIFT_OPTIMIZATION_LEVEL = "-Onone";
			};
			name = Debug;
		};
		606076C01DF2D6DD003B19B7 /* Release */ = {
			isa = XCBuildConfiguration;
			buildSettings = {
				ALWAYS_SEARCH_USER_PATHS = NO;
				CLANG_ANALYZER_NONNULL = YES;
				CLANG_CXX_LANGUAGE_STANDARD = "gnu++0x";
				CLANG_CXX_LIBRARY = "libc++";
				CLANG_ENABLE_MODULES = YES;
				CLANG_ENABLE_OBJC_ARC = YES;
				CLANG_WARN_BOOL_CONVERSION = YES;
				CLANG_WARN_CONSTANT_CONVERSION = YES;
				CLANG_WARN_DIRECT_OBJC_ISA_USAGE = YES_ERROR;
				CLANG_WARN_DOCUMENTATION_COMMENTS = YES;
				CLANG_WARN_EMPTY_BODY = YES;
				CLANG_WARN_ENUM_CONVERSION = YES;
				CLANG_WARN_INFINITE_RECURSION = YES;
				CLANG_WARN_INT_CONVERSION = YES;
				CLANG_WARN_OBJC_ROOT_CLASS = YES_ERROR;
				CLANG_WARN_SUSPICIOUS_MOVES = YES;
				CLANG_WARN_UNREACHABLE_CODE = YES;
				CLANG_WARN__DUPLICATE_METHOD_MATCH = YES;
				"CODE_SIGN_IDENTITY[sdk=iphoneos*]" = "iPhone Developer";
				COPY_PHASE_STRIP = NO;
				DEBUG_INFORMATION_FORMAT = "dwarf-with-dsym";
				ENABLE_NS_ASSERTIONS = NO;
				ENABLE_STRICT_OBJC_MSGSEND = YES;
				GCC_C_LANGUAGE_STANDARD = gnu99;
				GCC_NO_COMMON_BLOCKS = YES;
				GCC_WARN_64_TO_32_BIT_CONVERSION = YES;
				GCC_WARN_ABOUT_RETURN_TYPE = YES_ERROR;
				GCC_WARN_UNDECLARED_SELECTOR = YES;
				GCC_WARN_UNINITIALIZED_AUTOS = YES_AGGRESSIVE;
				GCC_WARN_UNUSED_FUNCTION = YES;
				GCC_WARN_UNUSED_VARIABLE = YES;
				IPHONEOS_DEPLOYMENT_TARGET = 10.1;
				MTL_ENABLE_DEBUG_INFO = NO;
				SDKROOT = iphoneos;
				SWIFT_OPTIMIZATION_LEVEL = "-Owholemodule";
				VALIDATE_PRODUCT = YES;
			};
			name = Release;
		};
/* End XCBuildConfiguration section */

/* Begin XCConfigurationList section */
		6008C36C1E4DB3C700B5C2D8 /* Build configuration list for PBXNativeTarget "Mapper" */ = {
			isa = XCConfigurationList;
			buildConfigurations = (
				6008C36A1E4DB3C700B5C2D8 /* Debug */,
				6008C36B1E4DB3C700B5C2D8 /* Release */,
			);
			defaultConfigurationIsVisible = 0;
		};
		6008C37E1E4DB56600B5C2D8 /* Build configuration list for PBXNativeTarget "MapperTests" */ = {
			isa = XCConfigurationList;
			buildConfigurations = (
				6008C37F1E4DB56600B5C2D8 /* Debug */,
				6008C3801E4DB56600B5C2D8 /* Release */,
			);
			defaultConfigurationIsVisible = 0;
		};
		6060769F1DF2D6DC003B19B7 /* Build configuration list for PBXProject "JsonMapper" */ = {
			isa = XCConfigurationList;
			buildConfigurations = (
				606076BF1DF2D6DD003B19B7 /* Debug */,
				606076C01DF2D6DD003B19B7 /* Release */,
			);
			defaultConfigurationIsVisible = 0;
			defaultConfigurationName = Release;
		};
/* End XCConfigurationList section */
	};
	rootObject = 6060769C1DF2D6DB003B19B7 /* Project object */;
}
